// !$*UTF8*$!
{
	archiveVersion = 1;
	classes = {
	};
	objectVersion = 46;
	objects = {

/* Begin PBXBuildFile section */
		37F4320E1EE82B9000E6EBE0 /* AppDelegate.swift in Sources */ = {isa = PBXBuildFile; fileRef = 37F4320D1EE82B9000E6EBE0 /* AppDelegate.swift */; };
		37F432101EE82B9000E6EBE0 /* ViewController.swift in Sources */ = {isa = PBXBuildFile; fileRef = 37F4320F1EE82B9000E6EBE0 /* ViewController.swift */; };
		37F432131EE82B9000E6EBE0 /* Main.storyboard in Resources */ = {isa = PBXBuildFile; fileRef = 37F432111EE82B9000E6EBE0 /* Main.storyboard */; };
		37F432151EE82B9000E6EBE0 /* Assets.xcassets in Resources */ = {isa = PBXBuildFile; fileRef = 37F432141EE82B9000E6EBE0 /* Assets.xcassets */; };
		37F432181EE82B9000E6EBE0 /* LaunchScreen.storyboard in Resources */ = {isa = PBXBuildFile; fileRef = 37F432161EE82B9000E6EBE0 /* LaunchScreen.storyboard */; };
		37F432201EE82D0100E6EBE0 /* RangeSlider.swift in Sources */ = {isa = PBXBuildFile; fileRef = 37F4321F1EE82D0100E6EBE0 /* RangeSlider.swift */; };
		37F432221EE8354100E6EBE0 /* RangeSliderThumbLayer.swift in Sources */ = {isa = PBXBuildFile; fileRef = 37F432211EE8354100E6EBE0 /* RangeSliderThumbLayer.swift */; };
/* End PBXBuildFile section */

/* Begin PBXFileReference section */
		37F4320A1EE82B9000E6EBE0 /* Custom Control - Reusable Slider.app */ = {isa = PBXFileReference; explicitFileType = wrapper.application; includeInIndex = 0; path = "Custom Control - Reusable Slider.app"; sourceTree = BUILT_PRODUCTS_DIR; };
		37F4320D1EE82B9000E6EBE0 /* AppDelegate.swift */ = {isa = PBXFileReference; lastKnownFileType = sourcecode.swift; path = AppDelegate.swift; sourceTree = "<group>"; };
		37F4320F1EE82B9000E6EBE0 /* ViewController.swift */ = {isa = PBXFileReference; lastKnownFileType = sourcecode.swift; path = ViewController.swift; sourceTree = "<group>"; };
		37F432121EE82B9000E6EBE0 /* Base */ = {isa = PBXFileReference; lastKnownFileType = file.storyboard; name = Base; path = Base.lproj/Main.storyboard; sourceTree = "<group>"; };
		37F432141EE82B9000E6EBE0 /* Assets.xcassets */ = {isa = PBXFileReference; lastKnownFileType = folder.assetcatalog; path = Assets.xcassets; sourceTree = "<group>"; };
		37F432171EE82B9000E6EBE0 /* Base */ = {isa = PBXFileReference; lastKnownFileType = file.storyboard; name = Base; path = Base.lproj/LaunchScreen.storyboard; sourceTree = "<group>"; };
		37F432191EE82B9000E6EBE0 /* Info.plist */ = {isa = PBXFileReference; lastKnownFileType = text.plist.xml; path = Info.plist; sourceTree = "<group>"; };
		37F4321F1EE82D0100E6EBE0 /* RangeSlider.swift */ = {isa = PBXFileReference; fileEncoding = 4; lastKnownFileType = sourcecode.swift; path = RangeSlider.swift; sourceTree = "<group>"; };
		37F432211EE8354100E6EBE0 /* RangeSliderThumbLayer.swift */ = {isa = PBXFileReference; fileEncoding = 4; lastKnownFileType = sourcecode.swift; path = RangeSliderThumbLayer.swift; sourceTree = "<group>"; };
/* End PBXFileReference section */

/* Begin PBXFrameworksBuildPhase section */
		37F432071EE82B9000E6EBE0 /* Frameworks */ = {
			isa = PBXFrameworksBuildPhase;
			buildActionMask = 2147483647;
			files = (
			);
			runOnlyForDeploymentPostprocessing = 0;
		};
/* End PBXFrameworksBuildPhase section */

/* Begin PBXGroup section */
		37F432011EE82B9000E6EBE0 = {
			isa = PBXGroup;
			children = (
				37F4320C1EE82B9000E6EBE0 /* Custom Control - Reusable Slider */,
				37F4320B1EE82B9000E6EBE0 /* Products */,
			);
			sourceTree = "<group>";
		};
		37F4320B1EE82B9000E6EBE0 /* Products */ = {
			isa = PBXGroup;
			children = (
				37F4320A1EE82B9000E6EBE0 /* Custom Control - Reusable Slider.app */,
			);
			name = Products;
			sourceTree = "<group>";
		};
		37F4320C1EE82B9000E6EBE0 /* Custom Control - Reusable Slider */ = {
			isa = PBXGroup;
			children = (
				37F4320D1EE82B9000E6EBE0 /* AppDelegate.swift */,
				37F4320F1EE82B9000E6EBE0 /* ViewController.swift */,
				37F4321F1EE82D0100E6EBE0 /* RangeSlider.swift */,
				37F432211EE8354100E6EBE0 /* RangeSliderThumbLayer.swift */,
				37F432111EE82B9000E6EBE0 /* Main.storyboard */,
				37F432141EE82B9000E6EBE0 /* Assets.xcassets */,
				37F432161EE82B9000E6EBE0 /* LaunchScreen.storyboard */,
				37F432191EE82B9000E6EBE0 /* Info.plist */,
			);
			path = "Custom Control - Reusable Slider";
			sourceTree = "<group>";
		};
/* End PBXGroup section */

/* Begin PBXNativeTarget section */
		37F432091EE82B9000E6EBE0 /* Custom Control - Reusable Slider */ = {
			isa = PBXNativeTarget;
			buildConfigurationList = 37F4321C1EE82B9000E6EBE0 /* Build configuration list for PBXNativeTarget "Custom Control - Reusable Slider" */;
			buildPhases = (
				37F432061EE82B9000E6EBE0 /* Sources */,
				37F432071EE82B9000E6EBE0 /* Frameworks */,
				37F432081EE82B9000E6EBE0 /* Resources */,
			);
			buildRules = (
			);
			dependencies = (
			);
			name = "Custom Control - Reusable Slider";
			productName = "Custom Control - Reusable Slider";
			productReference = 37F4320A1EE82B9000E6EBE0 /* Custom Control - Reusable Slider.app */;
			productType = "com.apple.product-type.application";
		};
/* End PBXNativeTarget section */

/* Begin PBXProject section */
		37F432021EE82B9000E6EBE0 /* Project object */ = {
			isa = PBXProject;
			attributes = {
				LastSwiftUpdateCheck = 0830;
				LastUpgradeCheck = 0830;
				ORGANIZATIONNAME = iShinobi;
				TargetAttributes = {
					37F432091EE82B9000E6EBE0 = {
						CreatedOnToolsVersion = 8.3.2;
						DevelopmentTeam = WZFHSP6QD4;
						ProvisioningStyle = Automatic;
					};
				};
			};
			buildConfigurationList = 37F432051EE82B9000E6EBE0 /* Build configuration list for PBXProject "Custom Control - Reusable Slider" */;
			compatibilityVersion = "Xcode 3.2";
			developmentRegion = English;
			hasScannedForEncodings = 0;
			knownRegions = (
				en,
				Base,
			);
			mainGroup = 37F432011EE82B9000E6EBE0;
			productRefGroup = 37F4320B1EE82B9000E6EBE0 /* Products */;
			projectDirPath = "";
			projectRoot = "";
			targets = (
				37F432091EE82B9000E6EBE0 /* Custom Control - Reusable Slider */,
			);
		};
/* End PBXProject section */

/* Begin PBXResourcesBuildPhase section */
		37F432081EE82B9000E6EBE0 /* Resources */ = {
			isa = PBXResourcesBuildPhase;
			buildActionMask = 2147483647;
			files = (
				37F432181EE82B9000E6EBE0 /* LaunchScreen.storyboard in Resources */,
				37F432151EE82B9000E6EBE0 /* Assets.xcassets in Resources */,
				37F432131EE82B9000E6EBE0 /* Main.storyboard in Resources */,
			);
			runOnlyForDeploymentPostprocessing = 0;
		};
/* End PBXResourcesBuildPhase section */

/* Begin PBXSourcesBuildPhase section */
		37F432061EE82B9000E6EBE0 /* Sources */ = {
			isa = PBXSourcesBuildPhase;
			buildActionMask = 2147483647;
			files = (
				37F432101EE82B9000E6EBE0 /* ViewController.swift in Sources */,
				37F432201EE82D0100E6EBE0 /* RangeSlider.swift in Sources */,
				37F4320E1EE82B9000E6EBE0 /* AppDelegate.swift in Sources */,
				37F432221EE8354100E6EBE0 /* RangeSliderThumbLayer.swift in Sources */,
			);
			runOnlyForDeploymentPostprocessing = 0;
		};
/* End PBXSourcesBuildPhase section */

/* Begin PBXVariantGroup section */
		37F432111EE82B9000E6EBE0 /* Main.storyboard */ = {
			isa = PBXVariantGroup;
			children = (
				37F432121EE82B9000E6EBE0 /* Base */,
			);
			name = Main.storyboard;
			sourceTree = "<group>";
		};
		37F432161EE82B9000E6EBE0 /* LaunchScreen.storyboard */ = {
			isa = PBXVariantGroup;
			children = (
				37F432171EE82B9000E6EBE0 /* Base */,
			);
			name = LaunchScreen.storyboard;
			sourceTree = "<group>";
		};
/* End PBXVariantGroup section */

/* Begin XCBuildConfiguration section */
		37F4321A1EE82B9000E6EBE0 /* Debug */ = {
			isa = XCBuildConfiguration;
			buildSettings = {
				ALWAYS_SEARCH_USER_PATHS = NO;
				CLANG_ANALYZER_NONNULL = YES;
				CLANG_ANALYZER_NUMBER_OBJECT_CONVERSION = YES_AGGRESSIVE;
				CLANG_CXX_LANGUAGE_STANDARD = "gnu++0x";
				CLANG_CXX_LIBRARY = "libc++";
				CLANG_ENABLE_MODULES = YES;
				CLANG_ENABLE_OBJC_ARC = YES;
				CLANG_WARN_BOOL_CONVERSION = YES;
				CLANG_WARN_CONSTANT_CONVERSION = YES;
				CLANG_WARN_DIRECT_OBJC_ISA_USAGE = YES_ERROR;
				CLANG_WARN_DOCUMENTATION_COMMENTS = YES;
				CLANG_WARN_EMPTY_BODY = YES;
				CLANG_WARN_ENUM_CONVERSION = YES;
				CLANG_WARN_INFINITE_RECURSION = YES;
				CLANG_WARN_INT_CONVERSION = YES;
				CLANG_WARN_OBJC_ROOT_CLASS = YES_ERROR;
				CLANG_WARN_SUSPICIOUS_MOVE = YES;
				CLANG_WARN_UNREACHABLE_CODE = YES;
				CLANG_WARN__DUPLICATE_METHOD_MATCH = YES;
				"CODE_SIGN_IDENTITY[sdk=iphoneos*]" = "iPhone Developer";
				COPY_PHASE_STRIP = NO;
				DEBUG_INFORMATION_FORMAT = dwarf;
				ENABLE_STRICT_OBJC_MSGSEND = YES;
				ENABLE_TESTABILITY = YES;
				GCC_C_LANGUAGE_STANDARD = gnu99;
				GCC_DYNAMIC_NO_PIC = NO;
				GCC_NO_COMMON_BLOCKS = YES;
				GCC_OPTIMIZATION_LEVEL = 0;
				GCC_PREPROCESSOR_DEFINITIONS = (
					"DEBUG=1",
					"$(inherited)",
				);
				GCC_WARN_64_TO_32_BIT_CONVERSION = YES;
				GCC_WARN_ABOUT_RETURN_TYPE = YES_ERROR;
				GCC_WARN_UNDECLARED_SELECTOR = YES;
				GCC_WARN_UNINITIALIZED_AUTOS = YES_AGGRESSIVE;
				GCC_WARN_UNUSED_FUNCTION = YES;
				GCC_WARN_UNUSED_VARIABLE = YES;
				IPHONEOS_DEPLOYMENT_TARGET = 10.3;
				MTL_ENABLE_DEBUG_INFO = YES;
				ONLY_ACTIVE_ARCH = YES;
				SDKROOT = iphoneos;
				SWIFT_ACTIVE_COMPILATION_CONDITIONS = DEBUG;
				SWIFT_OPTIMIZATION_LEVEL = "-Onone";
				TARGETED_DEVICE_FAMILY = "1,2";
			};
			name = Debug;
		};
		37F4321B1EE82B9000E6EBE0 /* Release */ = {
			isa = XCBuildConfiguration;
			buildSettings = {
				ALWAYS_SEARCH_USER_PATHS = NO;
				CLANG_ANALYZER_NONNULL = YES;
				CLANG_ANALYZER_NUMBER_OBJECT_CONVERSION = YES_AGGRESSIVE;
				CLANG_CXX_LANGUAGE_STANDARD = "gnu++0x";
				CLANG_CXX_LIBRARY = "libc++";
				CLANG_ENABLE_MODULES = YES;
				CLANG_ENABLE_OBJC_ARC = YES;
				CLANG_WARN_BOOL_CONVERSION = YES;
				CLANG_WARN_CONSTANT_CONVERSION = YES;
				CLANG_WARN_DIRECT_OBJC_ISA_USAGE = YES_ERROR;
				CLANG_WARN_DOCUMENTATION_COMMENTS = YES;
				CLANG_WARN_EMPTY_BODY = YES;
				CLANG_WARN_ENUM_CONVERSION = YES;
				CLANG_WARN_INFINITE_RECURSION = YES;
				CLANG_WARN_INT_CONVERSION = YES;
				CLANG_WARN_OBJC_ROOT_CLASS = YES_ERROR;
				CLANG_WARN_SUSPICIOUS_MOVE = YES;
				CLANG_WARN_UNREACHABLE_CODE = YES;
				CLANG_WARN__DUPLICATE_METHOD_MATCH = YES;
				"CODE_SIGN_IDENTITY[sdk=iphoneos*]" = "iPhone Developer";
				COPY_PHASE_STRIP = NO;
				DEBUG_INFORMATION_FORMAT = "dwarf-with-dsym";
				ENABLE_NS_ASSERTIONS = NO;
				ENABLE_STRICT_OBJC_MSGSEND = YES;
				GCC_C_LANGUAGE_STANDARD = gnu99;
				GCC_NO_COMMON_BLOCKS = YES;
				GCC_WARN_64_TO_32_BIT_CONVERSION = YES;
				GCC_WARN_ABOUT_RETURN_TYPE = YES_ERROR;
				GCC_WARN_UNDECLARED_SELECTOR = YES;
				GCC_WARN_UNINITIALIZED_AUTOS = YES_AGGRESSIVE;
				GCC_WARN_UNUSED_FUNCTION = YES;
				GCC_WARN_UNUSED_VARIABLE = YES;
				IPHONEOS_DEPLOYMENT_TARGET = 10.3;
				MTL_ENABLE_DEBUG_INFO = NO;
				SDKROOT = iphoneos;
				SWIFT_OPTIMIZATION_LEVEL = "-Owholemodule";
				TARGETED_DEVICE_FAMILY = "1,2";
				VALIDATE_PRODUCT = YES;
			};
			name = Release;
		};
		37F4321D1EE82B9000E6EBE0 /* Debug */ = {
			isa = XCBuildConfiguration;
			buildSettings = {
				ASSETCATALOG_COMPILER_APPICON_NAME = AppIcon;
				DEVELOPMENT_TEAM = WZFHSP6QD4;
				INFOPLIST_FILE = "Custom Control - Reusable Slider/Info.plist";
				LD_RUNPATH_SEARCH_PATHS = "$(inherited) @executable_path/Frameworks";
				PRODUCT_BUNDLE_IDENTIFIER = "ninja.pragprog.careerfoundry.Custom-Control---Reusable-Slider";
				PRODUCT_NAME = "$(TARGET_NAME)";
				SWIFT_VERSION = 3.0;
			};
			name = Debug;
		};
		37F4321E1EE82B9000E6EBE0 /* Release */ = {
			isa = XCBuildConfiguration;
			buildSettings = {
				ASSETCATALOG_COMPILER_APPICON_NAME = AppIcon;
				DEVELOPMENT_TEAM = WZFHSP6QD4;
				INFOPLIST_FILE = "Custom Control - Reusable Slider/Info.plist";
				LD_RUNPATH_SEARCH_PATHS = "$(inherited) @executable_path/Frameworks";
				PRODUCT_BUNDLE_IDENTIFIER = "ninja.pragprog.careerfoundry.Custom-Control---Reusable-Slider";
				PRODUCT_NAME = "$(TARGET_NAME)";
				SWIFT_VERSION = 3.0;
			};
			name = Release;
		};
/* End XCBuildConfiguration section */

/* Begin XCConfigurationList section */
		37F432051EE82B9000E6EBE0 /* Build configuration list for PBXProject "Custom Control - Reusable Slider" */ = {
			isa = XCConfigurationList;
			buildConfigurations = (
				37F4321A1EE82B9000E6EBE0 /* Debug */,
				37F4321B1EE82B9000E6EBE0 /* Release */,
			);
			defaultConfigurationIsVisible = 0;
			defaultConfigurationName = Release;
		};
		37F4321C1EE82B9000E6EBE0 /* Build configuration list for PBXNativeTarget "Custom Control - Reusable Slider" */ = {
			isa = XCConfigurationList;
			buildConfigurations = (
				37F4321D1EE82B9000E6EBE0 /* Debug */,
				37F4321E1EE82B9000E6EBE0 /* Release */,
			);
			defaultConfigurationIsVisible = 0;
		};
/* End XCConfigurationList section */
	};
	rootObject = 37F432021EE82B9000E6EBE0 /* Project object */;
}
